
Microsoft Visual Studio Solution File, Format Version 12.00
# Visual Studio Version 16
VisualStudioVersion = 16.0.32630.194
MinimumVisualStudioVersion = 10.0.40219.1
Project("{FAE04EC0-301F-11D3-BF4B-00C04F79EFBC}") = "Animal", "Animal\Animal.csproj", "{69627868-C20C-446E-B41D-ED9064132A1B}"
EndProject
Global
	GlobalSection(SolutionConfigurationPlatforms) = preSolution
		Debug|Any CPU = Debug|Any CPU
		Release|Any CPU = Release|Any CPU
	EndGlobalSection
	GlobalSection(ProjectConfigurationPlatforms) = postSolution
		{69627868-C20C-446E-B41D-ED9064132A1B}.Debug|Any CPU.ActiveCfg = Debug|Any CPU
		{69627868-C20C-446E-B41D-ED9064132A1B}.Debug|Any CPU.Build.0 = Debug|Any CPU
		{69627868-C20C-446E-B41D-ED9064132A1B}.Release|Any CPU.ActiveCfg = Release|Any CPU
		{69627868-C20C-446E-B41D-ED9064132A1B}.Release|Any CPU.Build.0 = Release|Any CPU
	EndGlobalSection
	GlobalSection(SolutionProperties) = preSolution
		HideSolutionNode = FALSE
	EndGlobalSection
	GlobalSection(ExtensibilityGlobals) = postSolution
		SolutionGuid = {25D4818B-6C53-4924-B23C-54AE9EC83C99}
	EndGlobalSection
EndGlobal
